
Microsoft Visual Studio Solution File, Format Version 12.00
# Visual Studio Version 17
VisualStudioVersion = 17.13.35828.75 d17.13
MinimumVisualStudioVersion = 10.0.40219.1
Project("{FAE04EC0-301F-11D3-BF4B-00C04F79EFBC}") = "Inventory(CRUD)", "Inventory(CRUD).csproj", "{C1233326-90A9-4A88-AC03-49E599BE5708}"
EndProject
Global
	GlobalSection(SolutionConfigurationPlatforms) = preSolution
		Debug|Any CPU = Debug|Any CPU
		Release|Any CPU = Release|Any CPU
	EndGlobalSection
	GlobalSection(ProjectConfigurationPlatforms) = postSolution
		{C1233326-90A9-4A88-AC03-49E599BE5708}.Debug|Any CPU.ActiveCfg = Debug|Any CPU
		{C1233326-90A9-4A88-AC03-49E599BE5708}.Debug|Any CPU.Build.0 = Debug|Any CPU
		{C1233326-90A9-4A88-AC03-49E599BE5708}.Release|Any CPU.ActiveCfg = Release|Any CPU
		{C1233326-90A9-4A88-AC03-49E599BE5708}.Release|Any CPU.Build.0 = Release|Any CPU
	EndGlobalSection
	GlobalSection(SolutionProperties) = preSolution
		HideSolutionNode = FALSE
	EndGlobalSection
	GlobalSection(ExtensibilityGlobals) = postSolution
		SolutionGuid = {47369C29-021F-4394-A061-2EF58E04F33A}
	EndGlobalSection
EndGlobal
